// !$*UTF8*$!
{
	archiveVersion = 1;
	classes = {
	};
	objectVersion = 46;
	objects = {

/* Begin PBXBuildFile section */
		BBB032391BD55B11001F904B /* AppDelegate.swift in Sources */ = {isa = PBXBuildFile; fileRef = BBB032381BD55B11001F904B /* AppDelegate.swift */; };
		BBB0323B1BD55B11001F904B /* ViewController.swift in Sources */ = {isa = PBXBuildFile; fileRef = BBB0323A1BD55B11001F904B /* ViewController.swift */; };
		BBB0323E1BD55B11001F904B /* Main.storyboard in Resources */ = {isa = PBXBuildFile; fileRef = BBB0323C1BD55B11001F904B /* Main.storyboard */; };
		BBB032401BD55B11001F904B /* Assets.xcassets in Resources */ = {isa = PBXBuildFile; fileRef = BBB0323F1BD55B11001F904B /* Assets.xcassets */; };
		BBB032431BD55B11001F904B /* LaunchScreen.storyboard in Resources */ = {isa = PBXBuildFile; fileRef = BBB032411BD55B11001F904B /* LaunchScreen.storyboard */; };
/* End PBXBuildFile section */

/* Begin PBXFileReference section */
		BBB032351BD55B11001F904B /* RedAndBlue.app */ = {isa = PBXFileReference; explicitFileType = wrapper.application; includeInIndex = 0; path = RedAndBlue.app; sourceTree = BUILT_PRODUCTS_DIR; };
		BBB032381BD55B11001F904B /* AppDelegate.swift */ = {isa = PBXFileReference; lastKnownFileType = sourcecode.swift; path = AppDelegate.swift; sourceTree = "<group>"; };
		BBB0323A1BD55B11001F904B /* ViewController.swift */ = {isa = PBXFileReference; lastKnownFileType = sourcecode.swift; path = ViewController.swift; sourceTree = "<group>"; };
		BBB0323D1BD55B11001F904B /* Base */ = {isa = PBXFileReference; lastKnownFileType = file.storyboard; name = Base; path = Base.lproj/Main.storyboard; sourceTree = "<group>"; };
		BBB0323F1BD55B11001F904B /* Assets.xcassets */ = {isa = PBXFileReference; lastKnownFileType = folder.assetcatalog; path = Assets.xcassets; sourceTree = "<group>"; };
		BBB032421BD55B11001F904B /* Base */ = {isa = PBXFileReference; lastKnownFileType = file.storyboard; name = Base; path = Base.lproj/LaunchScreen.storyboard; sourceTree = "<group>"; };
		BBB032441BD55B11001F904B /* Info.plist */ = {isa = PBXFileReference; lastKnownFileType = text.plist.xml; path = Info.plist; sourceTree = "<group>"; };
/* End PBXFileReference section */

/* Begin PBXFrameworksBuildPhase section */
		BBB032321BD55B11001F904B /* Frameworks */ = {
			isa = PBXFrameworksBuildPhase;
			buildActionMask = 2147483647;
			files = (
			);
			runOnlyForDeploymentPostprocessing = 0;
		};
/* End PBXFrameworksBuildPhase section */

/* Begin PBXGroup section */
		BBB0322C1BD55B11001F904B = {
			isa = PBXGroup;
			children = (
				BBB032371BD55B11001F904B /* RedAndBlue */,
				BBB032361BD55B11001F904B /* Products */,
			);
			sourceTree = "<group>";
		};
		BBB032361BD55B11001F904B /* Products */ = {
			isa = PBXGroup;
			children = (
				BBB032351BD55B11001F904B /* RedAndBlue.app */,
			);
			name = Products;
			sourceTree = "<group>";
		};
		BBB032371BD55B11001F904B /* RedAndBlue */ = {
			isa = PBXGroup;
			children = (
				BBB032381BD55B11001F904B /* AppDelegate.swift */,
				BBB0323A1BD55B11001F904B /* ViewController.swift */,
				BBB0323C1BD55B11001F904B /* Main.storyboard */,
				BBB0323F1BD55B11001F904B /* Assets.xcassets */,
				BBB032411BD55B11001F904B /* LaunchScreen.storyboard */,
				BBB032441BD55B11001F904B /* Info.plist */,
			);
			path = RedAndBlue;
			sourceTree = "<group>";
		};
/* End PBXGroup section */

/* Begin PBXNativeTarget section */
		BBB032341BD55B11001F904B /* RedAndBlue */ = {
			isa = PBXNativeTarget;
			buildConfigurationList = BBB032471BD55B11001F904B /* Build configuration list for PBXNativeTarget "RedAndBlue" */;
			buildPhases = (
				BBB032311BD55B11001F904B /* Sources */,
				BBB032321BD55B11001F904B /* Frameworks */,
				BBB032331BD55B11001F904B /* Resources */,
			);
			buildRules = (
			);
			dependencies = (
			);
			name = RedAndBlue;
			productName = RedAndBlue;
			productReference = BBB032351BD55B11001F904B /* RedAndBlue.app */;
			productType = "com.apple.product-type.application";
		};
/* End PBXNativeTarget section */

/* Begin PBXProject section */
		BBB0322D1BD55B11001F904B /* Project object */ = {
			isa = PBXProject;
			attributes = {
				LastSwiftUpdateCheck = 0710;
				LastUpgradeCheck = 0710;
				ORGANIZATIONNAME = "Андрей Букша";
				TargetAttributes = {
					BBB032341BD55B11001F904B = {
						CreatedOnToolsVersion = 7.1;
						DevelopmentTeam = 53Q44P34GC;
					};
				};
			};
			buildConfigurationList = BBB032301BD55B11001F904B /* Build configuration list for PBXProject "RedAndBlue" */;
			compatibilityVersion = "Xcode 3.2";
			developmentRegion = English;
			hasScannedForEncodings = 0;
			knownRegions = (
				en,
				Base,
			);
			mainGroup = BBB0322C1BD55B11001F904B;
			productRefGroup = BBB032361BD55B11001F904B /* Products */;
			projectDirPath = "";
			projectRoot = "";
			targets = (
				BBB032341BD55B11001F904B /* RedAndBlue */,
			);
		};
/* End PBXProject section */

/* Begin PBXResourcesBuildPhase section */
		BBB032331BD55B11001F904B /* Resources */ = {
			isa = PBXResourcesBuildPhase;
			buildActionMask = 2147483647;
			files = (
				BBB032431BD55B11001F904B /* LaunchScreen.storyboard in Resources */,
				BBB032401BD55B11001F904B /* Assets.xcassets in Resources */,
				BBB0323E1BD55B11001F904B /* Main.storyboard in Resources */,
			);
			runOnlyForDeploymentPostprocessing = 0;
		};
/* End PBXResourcesBuildPhase section */

/* Begin PBXSourcesBuildPhase section */
		BBB032311BD55B11001F904B /* Sources */ = {
			isa = PBXSourcesBuildPhase;
			buildActionMask = 2147483647;
			files = (
				BBB0323B1BD55B11001F904B /* ViewController.swift in Sources */,
				BBB032391BD55B11001F904B /* AppDelegate.swift in Sources */,
			);
			runOnlyForDeploymentPostprocessing = 0;
		};
/* End PBXSourcesBuildPhase section */

/* Begin PBXVariantGroup section */
		BBB0323C1BD55B11001F904B /* Main.storyboard */ = {
			isa = PBXVariantGroup;
			children = (
				BBB0323D1BD55B11001F904B /* Base */,
			);
			name = Main.storyboard;
			sourceTree = "<group>";
		};
		BBB032411BD55B11001F904B /* LaunchScreen.storyboard */ = {
			isa = PBXVariantGroup;
			children = (
				BBB032421BD55B11001F904B /* Base */,
			);
			name = LaunchScreen.storyboard;
			sourceTree = "<group>";
		};
/* End PBXVariantGroup section */

/* Begin XCBuildConfiguration section */
		BBB032451BD55B11001F904B /* Debug */ = {
			isa = XCBuildConfiguration;
			buildSettings = {
				ALWAYS_SEARCH_USER_PATHS = NO;
				CLANG_CXX_LANGUAGE_STANDARD = "gnu++0x";
				CLANG_CXX_LIBRARY = "libc++";
				CLANG_ENABLE_MODULES = YES;
				CLANG_ENABLE_OBJC_ARC = YES;
				CLANG_WARN_BOOL_CONVERSION = YES;
				CLANG_WARN_CONSTANT_CONVERSION = YES;
				CLANG_WARN_DIRECT_OBJC_ISA_USAGE = YES_ERROR;
				CLANG_WARN_EMPTY_BODY = YES;
				CLANG_WARN_ENUM_CONVERSION = YES;
				CLANG_WARN_INT_CONVERSION = YES;
				CLANG_WARN_OBJC_ROOT_CLASS = YES_ERROR;
				CLANG_WARN_UNREACHABLE_CODE = YES;
				CLANG_WARN__DUPLICATE_METHOD_MATCH = YES;
				"CODE_SIGN_IDENTITY[sdk=iphoneos*]" = "iPhone Developer";
				COPY_PHASE_STRIP = NO;
				DEBUG_INFORMATION_FORMAT = dwarf;
				ENABLE_STRICT_OBJC_MSGSEND = YES;
				ENABLE_TESTABILITY = YES;
				GCC_C_LANGUAGE_STANDARD = gnu99;
				GCC_DYNAMIC_NO_PIC = NO;
				GCC_NO_COMMON_BLOCKS = YES;
				GCC_OPTIMIZATION_LEVEL = 0;
				GCC_PREPROCESSOR_DEFINITIONS = (
					"DEBUG=1",
					"$(inherited)",
				);
				GCC_WARN_64_TO_32_BIT_CONVERSION = YES;
				GCC_WARN_ABOUT_RETURN_TYPE = YES_ERROR;
				GCC_WARN_UNDECLARED_SELECTOR = YES;
				GCC_WARN_UNINITIALIZED_AUTOS = YES_AGGRESSIVE;
				GCC_WARN_UNUSED_FUNCTION = YES;
				GCC_WARN_UNUSED_VARIABLE = YES;
				IPHONEOS_DEPLOYMENT_TARGET = 9.1;
				MTL_ENABLE_DEBUG_INFO = YES;
				ONLY_ACTIVE_ARCH = YES;
				SDKROOT = iphoneos;
				SWIFT_OPTIMIZATION_LEVEL = "-Onone";
			};
			name = Debug;
		};
		BBB032461BD55B11001F904B /* Release */ = {
			isa = XCBuildConfiguration;
			buildSettings = {
				ALWAYS_SEARCH_USER_PATHS = NO;
				CLANG_CXX_LANGUAGE_STANDARD = "gnu++0x";
				CLANG_CXX_LIBRARY = "libc++";
				CLANG_ENABLE_MODULES = YES;
				CLANG_ENABLE_OBJC_ARC = YES;
				CLANG_WARN_BOOL_CONVERSION = YES;
				CLANG_WARN_CONSTANT_CONVERSION = YES;
				CLANG_WARN_DIRECT_OBJC_ISA_USAGE = YES_ERROR;
				CLANG_WARN_EMPTY_BODY = YES;
				CLANG_WARN_ENUM_CONVERSION = YES;
				CLANG_WARN_INT_CONVERSION = YES;
				CLANG_WARN_OBJC_ROOT_CLASS = YES_ERROR;
				CLANG_WARN_UNREACHABLE_CODE = YES;
				CLANG_WARN__DUPLICATE_METHOD_MATCH = YES;
				"CODE_SIGN_IDENTITY[sdk=iphoneos*]" = "iPhone Developer";
				COPY_PHASE_STRIP = NO;
				DEBUG_INFORMATION_FORMAT = "dwarf-with-dsym";
				ENABLE_NS_ASSERTIONS = NO;
				ENABLE_STRICT_OBJC_MSGSEND = YES;
				GCC_C_LANGUAGE_STANDARD = gnu99;
				GCC_NO_COMMON_BLOCKS = YES;
				GCC_WARN_64_TO_32_BIT_CONVERSION = YES;
				GCC_WARN_ABOUT_RETURN_TYPE = YES_ERROR;
				GCC_WARN_UNDECLARED_SELECTOR = YES;
				GCC_WARN_UNINITIALIZED_AUTOS = YES_AGGRESSIVE;
				GCC_WARN_UNUSED_FUNCTION = YES;
				GCC_WARN_UNUSED_VARIABLE = YES;
				IPHONEOS_DEPLOYMENT_TARGET = 9.1;
				MTL_ENABLE_DEBUG_INFO = NO;
				SDKROOT = iphoneos;
				VALIDATE_PRODUCT = YES;
			};
			name = Release;
		};
		BBB032481BD55B11001F904B /* Debug */ = {
			isa = XCBuildConfiguration;
			buildSettings = {
				ASSETCATALOG_COMPILER_APPICON_NAME = AppIcon;
				INFOPLIST_FILE = RedAndBlue/Info.plist;
				LD_RUNPATH_SEARCH_PATHS = "$(inherited) @executable_path/Frameworks";
				PRODUCT_BUNDLE_IDENTIFIER = com.AndrewsCompany.RedAndBlue;
				PRODUCT_NAME = "$(TARGET_NAME)";
			};
			name = Debug;
		};
		BBB032491BD55B11001F904B /* Release */ = {
			isa = XCBuildConfiguration;
			buildSettings = {
				ASSETCATALOG_COMPILER_APPICON_NAME = AppIcon;
				INFOPLIST_FILE = RedAndBlue/Info.plist;
				LD_RUNPATH_SEARCH_PATHS = "$(inherited) @executable_path/Frameworks";
				PRODUCT_BUNDLE_IDENTIFIER = com.AndrewsCompany.RedAndBlue;
				PRODUCT_NAME = "$(TARGET_NAME)";
			};
			name = Release;
		};
/* End XCBuildConfiguration section */

/* Begin XCConfigurationList section */
		BBB032301BD55B11001F904B /* Build configuration list for PBXProject "RedAndBlue" */ = {
			isa = XCConfigurationList;
			buildConfigurations = (
				BBB032451BD55B11001F904B /* Debug */,
				BBB032461BD55B11001F904B /* Release */,
			);
			defaultConfigurationIsVisible = 0;
			defaultConfigurationName = Release;
		};
		BBB032471BD55B11001F904B /* Build configuration list for PBXNativeTarget "RedAndBlue" */ = {
			isa = XCConfigurationList;
			buildConfigurations = (
				BBB032481BD55B11001F904B /* Debug */,
				BBB032491BD55B11001F904B /* Release */,
			);
			defaultConfigurationIsVisible = 0;
		};
/* End XCConfigurationList section */
	};
	rootObject = BBB0322D1BD55B11001F904B /* Project object */;
}
